// !$*UTF8*$!
{
	archiveVersion = 1;
	classes = {
	};
	objectVersion = 55;
	objects = {

/* Begin PBXBuildFile section */
		3168E1F897670DF05F860D7C /* Pods_chargerApp.framework in Frameworks */ = {isa = PBXBuildFile; fileRef = 91557B8F3940089E23BCC3D1 /* Pods_chargerApp.framework */; };
		7E1243482881B49000070D18 /* Model.swift in Sources */ = {isa = PBXBuildFile; fileRef = 7E1243472881B49000070D18 /* Model.swift */; };
		7E12434B2883056B00070D18 /* ViewController.swift in Sources */ = {isa = PBXBuildFile; fileRef = 7E12434A2883056B00070D18 /* ViewController.swift */; };
		7E52804A2884536B00A92778 /* ProfileViewController.swift in Sources */ = {isa = PBXBuildFile; fileRef = 7E5280492884536B00A92778 /* ProfileViewController.swift */; };
		7EC6D9A7287DFB6C00F5B90A /* AppDelegate.swift in Sources */ = {isa = PBXBuildFile; fileRef = 7EC6D9A6287DFB6C00F5B90A /* AppDelegate.swift */; };
		7EC6D9A9287DFB6C00F5B90A /* SceneDelegate.swift in Sources */ = {isa = PBXBuildFile; fileRef = 7EC6D9A8287DFB6C00F5B90A /* SceneDelegate.swift */; };
		7EC6D9AE287DFB6C00F5B90A /* Main.storyboard in Resources */ = {isa = PBXBuildFile; fileRef = 7EC6D9AC287DFB6C00F5B90A /* Main.storyboard */; };
		7EC6D9B1287DFB6C00F5B90A /* chargerApp.xcdatamodeld in Sources */ = {isa = PBXBuildFile; fileRef = 7EC6D9AF287DFB6C00F5B90A /* chargerApp.xcdatamodeld */; };
		7EC6D9B3287DFB6E00F5B90A /* Assets.xcassets in Resources */ = {isa = PBXBuildFile; fileRef = 7EC6D9B2287DFB6E00F5B90A /* Assets.xcassets */; };
		7EC6D9B6287DFB6E00F5B90A /* LaunchScreen.storyboard in Resources */ = {isa = PBXBuildFile; fileRef = 7EC6D9B4287DFB6E00F5B90A /* LaunchScreen.storyboard */; };
		7EC6D9C1287DFB6E00F5B90A /* chargerAppTests.swift in Sources */ = {isa = PBXBuildFile; fileRef = 7EC6D9C0287DFB6E00F5B90A /* chargerAppTests.swift */; };
		7EC6D9CB287DFB6E00F5B90A /* chargerAppUITests.swift in Sources */ = {isa = PBXBuildFile; fileRef = 7EC6D9CA287DFB6E00F5B90A /* chargerAppUITests.swift */; };
		7EC6D9CD287DFB6E00F5B90A /* chargerAppUITestsLaunchTests.swift in Sources */ = {isa = PBXBuildFile; fileRef = 7EC6D9CC287DFB6E00F5B90A /* chargerAppUITestsLaunchTests.swift */; };
		A0C2110FB358E251A8EA3FCC /* Pods_chargerAppTests.framework in Frameworks */ = {isa = PBXBuildFile; fileRef = 999BD847DE03D0CD00AB56D9 /* Pods_chargerAppTests.framework */; };
		DDD23E4C482BEA2BF114E473 /* Pods_chargerApp_chargerAppUITests.framework in Frameworks */ = {isa = PBXBuildFile; fileRef = 75675B60DCECA14A952B1B7A /* Pods_chargerApp_chargerAppUITests.framework */; };
/* End PBXBuildFile section */

/* Begin PBXContainerItemProxy section */
		7EC6D9BD287DFB6E00F5B90A /* PBXContainerItemProxy */ = {
			isa = PBXContainerItemProxy;
			containerPortal = 7EC6D99B287DFB6C00F5B90A /* Project object */;
			proxyType = 1;
			remoteGlobalIDString = 7EC6D9A2287DFB6C00F5B90A;
			remoteInfo = chargerApp;
		};
		7EC6D9C7287DFB6E00F5B90A /* PBXContainerItemProxy */ = {
			isa = PBXContainerItemProxy;
			containerPortal = 7EC6D99B287DFB6C00F5B90A /* Project object */;
			proxyType = 1;
			remoteGlobalIDString = 7EC6D9A2287DFB6C00F5B90A;
			remoteInfo = chargerApp;
		};
/* End PBXContainerItemProxy section */

/* Begin PBXFileReference section */
		06045DC1C6A84CF6C7171425 /* Pods-chargerApp.debug.xcconfig */ = {isa = PBXFileReference; includeInIndex = 1; lastKnownFileType = text.xcconfig; name = "Pods-chargerApp.debug.xcconfig"; path = "Target Support Files/Pods-chargerApp/Pods-chargerApp.debug.xcconfig"; sourceTree = "<group>"; };
		0805163D12B91024D235D337 /* Pods-chargerAppTests.debug.xcconfig */ = {isa = PBXFileReference; includeInIndex = 1; lastKnownFileType = text.xcconfig; name = "Pods-chargerAppTests.debug.xcconfig"; path = "Target Support Files/Pods-chargerAppTests/Pods-chargerAppTests.debug.xcconfig"; sourceTree = "<group>"; };
		2FC4D106EFEF07969D0A96C5 /* Pods-chargerApp.release.xcconfig */ = {isa = PBXFileReference; includeInIndex = 1; lastKnownFileType = text.xcconfig; name = "Pods-chargerApp.release.xcconfig"; path = "Target Support Files/Pods-chargerApp/Pods-chargerApp.release.xcconfig"; sourceTree = "<group>"; };
		44E1A8228C297421ED98AF34 /* Pods-chargerAppTests.release.xcconfig */ = {isa = PBXFileReference; includeInIndex = 1; lastKnownFileType = text.xcconfig; name = "Pods-chargerAppTests.release.xcconfig"; path = "Target Support Files/Pods-chargerAppTests/Pods-chargerAppTests.release.xcconfig"; sourceTree = "<group>"; };
		75675B60DCECA14A952B1B7A /* Pods_chargerApp_chargerAppUITests.framework */ = {isa = PBXFileReference; explicitFileType = wrapper.framework; includeInIndex = 0; path = Pods_chargerApp_chargerAppUITests.framework; sourceTree = BUILT_PRODUCTS_DIR; };
		7E1243472881B49000070D18 /* Model.swift */ = {isa = PBXFileReference; lastKnownFileType = sourcecode.swift; path = Model.swift; sourceTree = "<group>"; };
		7E12434A2883056B00070D18 /* ViewController.swift */ = {isa = PBXFileReference; lastKnownFileType = sourcecode.swift; path = ViewController.swift; sourceTree = "<group>"; };
		7E5280492884536B00A92778 /* ProfileViewController.swift */ = {isa = PBXFileReference; lastKnownFileType = sourcecode.swift; path = ProfileViewController.swift; sourceTree = "<group>"; };
		7EC6D9A3287DFB6C00F5B90A /* chargerApp.app */ = {isa = PBXFileReference; explicitFileType = wrapper.application; includeInIndex = 0; path = chargerApp.app; sourceTree = BUILT_PRODUCTS_DIR; };
		7EC6D9A6287DFB6C00F5B90A /* AppDelegate.swift */ = {isa = PBXFileReference; lastKnownFileType = sourcecode.swift; path = AppDelegate.swift; sourceTree = "<group>"; };
		7EC6D9A8287DFB6C00F5B90A /* SceneDelegate.swift */ = {isa = PBXFileReference; lastKnownFileType = sourcecode.swift; path = SceneDelegate.swift; sourceTree = "<group>"; };
		7EC6D9AD287DFB6C00F5B90A /* Base */ = {isa = PBXFileReference; lastKnownFileType = file.storyboard; name = Base; path = Base.lproj/Main.storyboard; sourceTree = "<group>"; };
		7EC6D9B0287DFB6C00F5B90A /* chargerApp.xcdatamodel */ = {isa = PBXFileReference; lastKnownFileType = wrapper.xcdatamodel; path = chargerApp.xcdatamodel; sourceTree = "<group>"; };
		7EC6D9B2287DFB6E00F5B90A /* Assets.xcassets */ = {isa = PBXFileReference; lastKnownFileType = folder.assetcatalog; path = Assets.xcassets; sourceTree = "<group>"; };
		7EC6D9B5287DFB6E00F5B90A /* Base */ = {isa = PBXFileReference; lastKnownFileType = file.storyboard; name = Base; path = Base.lproj/LaunchScreen.storyboard; sourceTree = "<group>"; };
		7EC6D9B7287DFB6E00F5B90A /* Info.plist */ = {isa = PBXFileReference; lastKnownFileType = text.plist.xml; path = Info.plist; sourceTree = "<group>"; };
		7EC6D9BC287DFB6E00F5B90A /* chargerAppTests.xctest */ = {isa = PBXFileReference; explicitFileType = wrapper.cfbundle; includeInIndex = 0; path = chargerAppTests.xctest; sourceTree = BUILT_PRODUCTS_DIR; };
		7EC6D9C0287DFB6E00F5B90A /* chargerAppTests.swift */ = {isa = PBXFileReference; lastKnownFileType = sourcecode.swift; path = chargerAppTests.swift; sourceTree = "<group>"; };
		7EC6D9C6287DFB6E00F5B90A /* chargerAppUITests.xctest */ = {isa = PBXFileReference; explicitFileType = wrapper.cfbundle; includeInIndex = 0; path = chargerAppUITests.xctest; sourceTree = BUILT_PRODUCTS_DIR; };
		7EC6D9CA287DFB6E00F5B90A /* chargerAppUITests.swift */ = {isa = PBXFileReference; lastKnownFileType = sourcecode.swift; path = chargerAppUITests.swift; sourceTree = "<group>"; };
		7EC6D9CC287DFB6E00F5B90A /* chargerAppUITestsLaunchTests.swift */ = {isa = PBXFileReference; lastKnownFileType = sourcecode.swift; path = chargerAppUITestsLaunchTests.swift; sourceTree = "<group>"; };
		899C81A6C6A646456903D535 /* Pods-chargerApp-chargerAppUITests.release.xcconfig */ = {isa = PBXFileReference; includeInIndex = 1; lastKnownFileType = text.xcconfig; name = "Pods-chargerApp-chargerAppUITests.release.xcconfig"; path = "Target Support Files/Pods-chargerApp-chargerAppUITests/Pods-chargerApp-chargerAppUITests.release.xcconfig"; sourceTree = "<group>"; };
		91557B8F3940089E23BCC3D1 /* Pods_chargerApp.framework */ = {isa = PBXFileReference; explicitFileType = wrapper.framework; includeInIndex = 0; path = Pods_chargerApp.framework; sourceTree = BUILT_PRODUCTS_DIR; };
		999BD847DE03D0CD00AB56D9 /* Pods_chargerAppTests.framework */ = {isa = PBXFileReference; explicitFileType = wrapper.framework; includeInIndex = 0; path = Pods_chargerAppTests.framework; sourceTree = BUILT_PRODUCTS_DIR; };
		EBD62C939CC9E350975E9433 /* Pods-chargerApp-chargerAppUITests.debug.xcconfig */ = {isa = PBXFileReference; includeInIndex = 1; lastKnownFileType = text.xcconfig; name = "Pods-chargerApp-chargerAppUITests.debug.xcconfig"; path = "Target Support Files/Pods-chargerApp-chargerAppUITests/Pods-chargerApp-chargerAppUITests.debug.xcconfig"; sourceTree = "<group>"; };
/* End PBXFileReference section */

/* Begin PBXFrameworksBuildPhase section */
		7EC6D9A0287DFB6C00F5B90A /* Frameworks */ = {
			isa = PBXFrameworksBuildPhase;
			buildActionMask = 2147483647;
			files = (
				3168E1F897670DF05F860D7C /* Pods_chargerApp.framework in Frameworks */,
			);
			runOnlyForDeploymentPostprocessing = 0;
		};
		7EC6D9B9287DFB6E00F5B90A /* Frameworks */ = {
			isa = PBXFrameworksBuildPhase;
			buildActionMask = 2147483647;
			files = (
				A0C2110FB358E251A8EA3FCC /* Pods_chargerAppTests.framework in Frameworks */,
			);
			runOnlyForDeploymentPostprocessing = 0;
		};
		7EC6D9C3287DFB6E00F5B90A /* Frameworks */ = {
			isa = PBXFrameworksBuildPhase;
			buildActionMask = 2147483647;
			files = (
				DDD23E4C482BEA2BF114E473 /* Pods_chargerApp_chargerAppUITests.framework in Frameworks */,
			);
			runOnlyForDeploymentPostprocessing = 0;
		};
/* End PBXFrameworksBuildPhase section */

/* Begin PBXGroup section */
		1CD64631F9A3A0CFFBD72F61 /* Pods */ = {
			isa = PBXGroup;
			children = (
				06045DC1C6A84CF6C7171425 /* Pods-chargerApp.debug.xcconfig */,
				2FC4D106EFEF07969D0A96C5 /* Pods-chargerApp.release.xcconfig */,
				EBD62C939CC9E350975E9433 /* Pods-chargerApp-chargerAppUITests.debug.xcconfig */,
				899C81A6C6A646456903D535 /* Pods-chargerApp-chargerAppUITests.release.xcconfig */,
				0805163D12B91024D235D337 /* Pods-chargerAppTests.debug.xcconfig */,
				44E1A8228C297421ED98AF34 /* Pods-chargerAppTests.release.xcconfig */,
			);
			path = Pods;
			sourceTree = "<group>";
		};
		729CCA1D71E7D6A814A6E871 /* Frameworks */ = {
			isa = PBXGroup;
			children = (
				91557B8F3940089E23BCC3D1 /* Pods_chargerApp.framework */,
				75675B60DCECA14A952B1B7A /* Pods_chargerApp_chargerAppUITests.framework */,
				999BD847DE03D0CD00AB56D9 /* Pods_chargerAppTests.framework */,
			);
			name = Frameworks;
			sourceTree = "<group>";
		};
		7EC6D99A287DFB6C00F5B90A = {
			isa = PBXGroup;
			children = (
				7EC6D9A5287DFB6C00F5B90A /* chargerApp */,
				7EC6D9BF287DFB6E00F5B90A /* chargerAppTests */,
				7EC6D9C9287DFB6E00F5B90A /* chargerAppUITests */,
				7EC6D9A4287DFB6C00F5B90A /* Products */,
				1CD64631F9A3A0CFFBD72F61 /* Pods */,
				729CCA1D71E7D6A814A6E871 /* Frameworks */,
			);
			sourceTree = "<group>";
		};
		7EC6D9A4287DFB6C00F5B90A /* Products */ = {
			isa = PBXGroup;
			children = (
				7EC6D9A3287DFB6C00F5B90A /* chargerApp.app */,
				7EC6D9BC287DFB6E00F5B90A /* chargerAppTests.xctest */,
				7EC6D9C6287DFB6E00F5B90A /* chargerAppUITests.xctest */,
			);
			name = Products;
			sourceTree = "<group>";
		};
		7EC6D9A5287DFB6C00F5B90A /* chargerApp */ = {
			isa = PBXGroup;
			children = (
				7E1243472881B49000070D18 /* Model.swift */,
				7EC6D9A6287DFB6C00F5B90A /* AppDelegate.swift */,
				7EC6D9A8287DFB6C00F5B90A /* SceneDelegate.swift */,
				7EC6D9AC287DFB6C00F5B90A /* Main.storyboard */,
				7EC6D9B2287DFB6E00F5B90A /* Assets.xcassets */,
				7EC6D9B4287DFB6E00F5B90A /* LaunchScreen.storyboard */,
				7EC6D9B7287DFB6E00F5B90A /* Info.plist */,
				7EC6D9AF287DFB6C00F5B90A /* chargerApp.xcdatamodeld */,
				7E12434A2883056B00070D18 /* ViewController.swift */,
				7E5280492884536B00A92778 /* ProfileViewController.swift */,
			);
			path = chargerApp;
			sourceTree = "<group>";
		};
		7EC6D9BF287DFB6E00F5B90A /* chargerAppTests */ = {
			isa = PBXGroup;
			children = (
				7EC6D9C0287DFB6E00F5B90A /* chargerAppTests.swift */,
			);
			path = chargerAppTests;
			sourceTree = "<group>";
		};
		7EC6D9C9287DFB6E00F5B90A /* chargerAppUITests */ = {
			isa = PBXGroup;
			children = (
				7EC6D9CA287DFB6E00F5B90A /* chargerAppUITests.swift */,
				7EC6D9CC287DFB6E00F5B90A /* chargerAppUITestsLaunchTests.swift */,
			);
			path = chargerAppUITests;
			sourceTree = "<group>";
		};
/* End PBXGroup section */

/* Begin PBXNativeTarget section */
		7EC6D9A2287DFB6C00F5B90A /* chargerApp */ = {
			isa = PBXNativeTarget;
			buildConfigurationList = 7EC6D9D0287DFB6E00F5B90A /* Build configuration list for PBXNativeTarget "chargerApp" */;
			buildPhases = (
				36E927A9253A4C7535E1A621 /* [CP] Check Pods Manifest.lock */,
				7EC6D99F287DFB6C00F5B90A /* Sources */,
				7EC6D9A0287DFB6C00F5B90A /* Frameworks */,
				7EC6D9A1287DFB6C00F5B90A /* Resources */,
				563BAD01C0BEB4868D0C30CE /* [CP] Embed Pods Frameworks */,
			);
			buildRules = (
			);
			dependencies = (
			);
			name = chargerApp;
			productName = chargerApp;
			productReference = 7EC6D9A3287DFB6C00F5B90A /* chargerApp.app */;
			productType = "com.apple.product-type.application";
		};
		7EC6D9BB287DFB6E00F5B90A /* chargerAppTests */ = {
			isa = PBXNativeTarget;
			buildConfigurationList = 7EC6D9D3287DFB6E00F5B90A /* Build configuration list for PBXNativeTarget "chargerAppTests" */;
			buildPhases = (
				0006A69E9E7214C45CE0C23B /* [CP] Check Pods Manifest.lock */,
				7EC6D9B8287DFB6E00F5B90A /* Sources */,
				7EC6D9B9287DFB6E00F5B90A /* Frameworks */,
				7EC6D9BA287DFB6E00F5B90A /* Resources */,
			);
			buildRules = (
			);
			dependencies = (
				7EC6D9BE287DFB6E00F5B90A /* PBXTargetDependency */,
			);
			name = chargerAppTests;
			productName = chargerAppTests;
			productReference = 7EC6D9BC287DFB6E00F5B90A /* chargerAppTests.xctest */;
			productType = "com.apple.product-type.bundle.unit-test";
		};
		7EC6D9C5287DFB6E00F5B90A /* chargerAppUITests */ = {
			isa = PBXNativeTarget;
			buildConfigurationList = 7EC6D9D6287DFB6E00F5B90A /* Build configuration list for PBXNativeTarget "chargerAppUITests" */;
			buildPhases = (
				64E48190C6C0FE038EB310FE /* [CP] Check Pods Manifest.lock */,
				7EC6D9C2287DFB6E00F5B90A /* Sources */,
				7EC6D9C3287DFB6E00F5B90A /* Frameworks */,
				7EC6D9C4287DFB6E00F5B90A /* Resources */,
				AC0404BE8834F977F8AE8AB5 /* [CP] Embed Pods Frameworks */,
			);
			buildRules = (
			);
			dependencies = (
				7EC6D9C8287DFB6E00F5B90A /* PBXTargetDependency */,
			);
			name = chargerAppUITests;
			productName = chargerAppUITests;
			productReference = 7EC6D9C6287DFB6E00F5B90A /* chargerAppUITests.xctest */;
			productType = "com.apple.product-type.bundle.ui-testing";
		};
/* End PBXNativeTarget section */

/* Begin PBXProject section */
		7EC6D99B287DFB6C00F5B90A /* Project object */ = {
			isa = PBXProject;
			attributes = {
				BuildIndependentTargetsInParallel = 1;
				LastSwiftUpdateCheck = 1330;
				LastUpgradeCheck = 1330;
				TargetAttributes = {
					7EC6D9A2287DFB6C00F5B90A = {
						CreatedOnToolsVersion = 13.3;
					};
					7EC6D9BB287DFB6E00F5B90A = {
						CreatedOnToolsVersion = 13.3;
						TestTargetID = 7EC6D9A2287DFB6C00F5B90A;
					};
					7EC6D9C5287DFB6E00F5B90A = {
						CreatedOnToolsVersion = 13.3;
						TestTargetID = 7EC6D9A2287DFB6C00F5B90A;
					};
				};
			};
			buildConfigurationList = 7EC6D99E287DFB6C00F5B90A /* Build configuration list for PBXProject "chargerApp" */;
			compatibilityVersion = "Xcode 13.0";
			developmentRegion = en;
			hasScannedForEncodings = 0;
			knownRegions = (
				en,
				Base,
			);
			mainGroup = 7EC6D99A287DFB6C00F5B90A;
			productRefGroup = 7EC6D9A4287DFB6C00F5B90A /* Products */;
			projectDirPath = "";
			projectRoot = "";
			targets = (
				7EC6D9A2287DFB6C00F5B90A /* chargerApp */,
				7EC6D9BB287DFB6E00F5B90A /* chargerAppTests */,
				7EC6D9C5287DFB6E00F5B90A /* chargerAppUITests */,
			);
		};
/* End PBXProject section */

/* Begin PBXResourcesBuildPhase section */
		7EC6D9A1287DFB6C00F5B90A /* Resources */ = {
			isa = PBXResourcesBuildPhase;
			buildActionMask = 2147483647;
			files = (
				7EC6D9B6287DFB6E00F5B90A /* LaunchScreen.storyboard in Resources */,
				7EC6D9B3287DFB6E00F5B90A /* Assets.xcassets in Resources */,
				7EC6D9AE287DFB6C00F5B90A /* Main.storyboard in Resources */,
			);
			runOnlyForDeploymentPostprocessing = 0;
		};
		7EC6D9BA287DFB6E00F5B90A /* Resources */ = {
			isa = PBXResourcesBuildPhase;
			buildActionMask = 2147483647;
			files = (
			);
			runOnlyForDeploymentPostprocessing = 0;
		};
		7EC6D9C4287DFB6E00F5B90A /* Resources */ = {
			isa = PBXResourcesBuildPhase;
			buildActionMask = 2147483647;
			files = (
			);
			runOnlyForDeploymentPostprocessing = 0;
		};
/* End PBXResourcesBuildPhase section */

/* Begin PBXShellScriptBuildPhase section */
		0006A69E9E7214C45CE0C23B /* [CP] Check Pods Manifest.lock */ = {
			isa = PBXShellScriptBuildPhase;
			buildActionMask = 2147483647;
			files = (
			);
			inputFileListPaths = (
			);
			inputPaths = (
				"${PODS_PODFILE_DIR_PATH}/Podfile.lock",
				"${PODS_ROOT}/Manifest.lock",
			);
			name = "[CP] Check Pods Manifest.lock";
			outputFileListPaths = (
			);
			outputPaths = (
				"$(DERIVED_FILE_DIR)/Pods-chargerAppTests-checkManifestLockResult.txt",
			);
			runOnlyForDeploymentPostprocessing = 0;
			shellPath = /bin/sh;
			shellScript = "diff \"${PODS_PODFILE_DIR_PATH}/Podfile.lock\" \"${PODS_ROOT}/Manifest.lock\" > /dev/null\nif [ $? != 0 ] ; then\n    # print error to STDERR\n    echo \"error: The sandbox is not in sync with the Podfile.lock. Run 'pod install' or update your CocoaPods installation.\" >&2\n    exit 1\nfi\n# This output is used by Xcode 'outputs' to avoid re-running this script phase.\necho \"SUCCESS\" > \"${SCRIPT_OUTPUT_FILE_0}\"\n";
			showEnvVarsInLog = 0;
		};
		36E927A9253A4C7535E1A621 /* [CP] Check Pods Manifest.lock */ = {
			isa = PBXShellScriptBuildPhase;
			buildActionMask = 2147483647;
			files = (
			);
			inputFileListPaths = (
			);
			inputPaths = (
				"${PODS_PODFILE_DIR_PATH}/Podfile.lock",
				"${PODS_ROOT}/Manifest.lock",
			);
			name = "[CP] Check Pods Manifest.lock";
			outputFileListPaths = (
			);
			outputPaths = (
				"$(DERIVED_FILE_DIR)/Pods-chargerApp-checkManifestLockResult.txt",
			);
			runOnlyForDeploymentPostprocessing = 0;
			shellPath = /bin/sh;
			shellScript = "diff \"${PODS_PODFILE_DIR_PATH}/Podfile.lock\" \"${PODS_ROOT}/Manifest.lock\" > /dev/null\nif [ $? != 0 ] ; then\n    # print error to STDERR\n    echo \"error: The sandbox is not in sync with the Podfile.lock. Run 'pod install' or update your CocoaPods installation.\" >&2\n    exit 1\nfi\n# This output is used by Xcode 'outputs' to avoid re-running this script phase.\necho \"SUCCESS\" > \"${SCRIPT_OUTPUT_FILE_0}\"\n";
			showEnvVarsInLog = 0;
		};
		563BAD01C0BEB4868D0C30CE /* [CP] Embed Pods Frameworks */ = {
			isa = PBXShellScriptBuildPhase;
			buildActionMask = 2147483647;
			files = (
			);
			inputFileListPaths = (
				"${PODS_ROOT}/Target Support Files/Pods-chargerApp/Pods-chargerApp-frameworks-${CONFIGURATION}-input-files.xcfilelist",
			);
			name = "[CP] Embed Pods Frameworks";
			outputFileListPaths = (
				"${PODS_ROOT}/Target Support Files/Pods-chargerApp/Pods-chargerApp-frameworks-${CONFIGURATION}-output-files.xcfilelist",
			);
			runOnlyForDeploymentPostprocessing = 0;
			shellPath = /bin/sh;
			shellScript = "\"${PODS_ROOT}/Target Support Files/Pods-chargerApp/Pods-chargerApp-frameworks.sh\"\n";
			showEnvVarsInLog = 0;
		};
		64E48190C6C0FE038EB310FE /* [CP] Check Pods Manifest.lock */ = {
			isa = PBXShellScriptBuildPhase;
			buildActionMask = 2147483647;
			files = (
			);
			inputFileListPaths = (
			);
			inputPaths = (
				"${PODS_PODFILE_DIR_PATH}/Podfile.lock",
				"${PODS_ROOT}/Manifest.lock",
			);
			name = "[CP] Check Pods Manifest.lock";
			outputFileListPaths = (
			);
			outputPaths = (
				"$(DERIVED_FILE_DIR)/Pods-chargerApp-chargerAppUITests-checkManifestLockResult.txt",
			);
			runOnlyForDeploymentPostprocessing = 0;
			shellPath = /bin/sh;
			shellScript = "diff \"${PODS_PODFILE_DIR_PATH}/Podfile.lock\" \"${PODS_ROOT}/Manifest.lock\" > /dev/null\nif [ $? != 0 ] ; then\n    # print error to STDERR\n    echo \"error: The sandbox is not in sync with the Podfile.lock. Run 'pod install' or update your CocoaPods installation.\" >&2\n    exit 1\nfi\n# This output is used by Xcode 'outputs' to avoid re-running this script phase.\necho \"SUCCESS\" > \"${SCRIPT_OUTPUT_FILE_0}\"\n";
			showEnvVarsInLog = 0;
		};
		AC0404BE8834F977F8AE8AB5 /* [CP] Embed Pods Frameworks */ = {
			isa = PBXShellScriptBuildPhase;
			buildActionMask = 2147483647;
			files = (
			);
			inputFileListPaths = (
				"${PODS_ROOT}/Target Support Files/Pods-chargerApp-chargerAppUITests/Pods-chargerApp-chargerAppUITests-frameworks-${CONFIGURATION}-input-files.xcfilelist",
			);
			name = "[CP] Embed Pods Frameworks";
			outputFileListPaths = (
				"${PODS_ROOT}/Target Support Files/Pods-chargerApp-chargerAppUITests/Pods-chargerApp-chargerAppUITests-frameworks-${CONFIGURATION}-output-files.xcfilelist",
			);
			runOnlyForDeploymentPostprocessing = 0;
			shellPath = /bin/sh;
			shellScript = "\"${PODS_ROOT}/Target Support Files/Pods-chargerApp-chargerAppUITests/Pods-chargerApp-chargerAppUITests-frameworks.sh\"\n";
			showEnvVarsInLog = 0;
		};
/* End PBXShellScriptBuildPhase section */

/* Begin PBXSourcesBuildPhase section */
		7EC6D99F287DFB6C00F5B90A /* Sources */ = {
			isa = PBXSourcesBuildPhase;
			buildActionMask = 2147483647;
			files = (
				7E52804A2884536B00A92778 /* ProfileViewController.swift in Sources */,
				7E12434B2883056B00070D18 /* ViewController.swift in Sources */,
				7E1243482881B49000070D18 /* Model.swift in Sources */,
				7EC6D9B1287DFB6C00F5B90A /* chargerApp.xcdatamodeld in Sources */,
				7EC6D9A7287DFB6C00F5B90A /* AppDelegate.swift in Sources */,
				7EC6D9A9287DFB6C00F5B90A /* SceneDelegate.swift in Sources */,
			);
			runOnlyForDeploymentPostprocessing = 0;
		};
		7EC6D9B8287DFB6E00F5B90A /* Sources */ = {
			isa = PBXSourcesBuildPhase;
			buildActionMask = 2147483647;
			files = (
				7EC6D9C1287DFB6E00F5B90A /* chargerAppTests.swift in Sources */,
			);
			runOnlyForDeploymentPostprocessing = 0;
		};
		7EC6D9C2287DFB6E00F5B90A /* Sources */ = {
			isa = PBXSourcesBuildPhase;
			buildActionMask = 2147483647;
			files = (
				7EC6D9CB287DFB6E00F5B90A /* chargerAppUITests.swift in Sources */,
				7EC6D9CD287DFB6E00F5B90A /* chargerAppUITestsLaunchTests.swift in Sources */,
			);
			runOnlyForDeploymentPostprocessing = 0;
		};
/* End PBXSourcesBuildPhase section */

/* Begin PBXTargetDependency section */
		7EC6D9BE287DFB6E00F5B90A /* PBXTargetDependency */ = {
			isa = PBXTargetDependency;
			target = 7EC6D9A2287DFB6C00F5B90A /* chargerApp */;
			targetProxy = 7EC6D9BD287DFB6E00F5B90A /* PBXContainerItemProxy */;
		};
		7EC6D9C8287DFB6E00F5B90A /* PBXTargetDependency */ = {
			isa = PBXTargetDependency;
			target = 7EC6D9A2287DFB6C00F5B90A /* chargerApp */;
			targetProxy = 7EC6D9C7287DFB6E00F5B90A /* PBXContainerItemProxy */;
		};
/* End PBXTargetDependency section */

/* Begin PBXVariantGroup section */
		7EC6D9AC287DFB6C00F5B90A /* Main.storyboard */ = {
			isa = PBXVariantGroup;
			children = (
				7EC6D9AD287DFB6C00F5B90A /* Base */,
			);
			name = Main.storyboard;
			sourceTree = "<group>";
		};
		7EC6D9B4287DFB6E00F5B90A /* LaunchScreen.storyboard */ = {
			isa = PBXVariantGroup;
			children = (
				7EC6D9B5287DFB6E00F5B90A /* Base */,
			);
			name = LaunchScreen.storyboard;
			sourceTree = "<group>";
		};
/* End PBXVariantGroup section */

/* Begin XCBuildConfiguration section */
		7EC6D9CE287DFB6E00F5B90A /* Debug */ = {
			isa = XCBuildConfiguration;
			buildSettings = {
				ALWAYS_SEARCH_USER_PATHS = NO;
				CLANG_ANALYZER_NONNULL = YES;
				CLANG_ANALYZER_NUMBER_OBJECT_CONVERSION = YES_AGGRESSIVE;
				CLANG_CXX_LANGUAGE_STANDARD = "gnu++17";
				CLANG_ENABLE_MODULES = YES;
				CLANG_ENABLE_OBJC_ARC = YES;
				CLANG_ENABLE_OBJC_WEAK = YES;
				CLANG_WARN_BLOCK_CAPTURE_AUTORELEASING = YES;
				CLANG_WARN_BOOL_CONVERSION = YES;
				CLANG_WARN_COMMA = YES;
				CLANG_WARN_CONSTANT_CONVERSION = YES;
				CLANG_WARN_DEPRECATED_OBJC_IMPLEMENTATIONS = YES;
				CLANG_WARN_DIRECT_OBJC_ISA_USAGE = YES_ERROR;
				CLANG_WARN_DOCUMENTATION_COMMENTS = YES;
				CLANG_WARN_EMPTY_BODY = YES;
				CLANG_WARN_ENUM_CONVERSION = YES;
				CLANG_WARN_INFINITE_RECURSION = YES;
				CLANG_WARN_INT_CONVERSION = YES;
				CLANG_WARN_NON_LITERAL_NULL_CONVERSION = YES;
				CLANG_WARN_OBJC_IMPLICIT_RETAIN_SELF = YES;
				CLANG_WARN_OBJC_LITERAL_CONVERSION = YES;
				CLANG_WARN_OBJC_ROOT_CLASS = YES_ERROR;
				CLANG_WARN_QUOTED_INCLUDE_IN_FRAMEWORK_HEADER = YES;
				CLANG_WARN_RANGE_LOOP_ANALYSIS = YES;
				CLANG_WARN_STRICT_PROTOTYPES = YES;
				CLANG_WARN_SUSPICIOUS_MOVE = YES;
				CLANG_WARN_UNGUARDED_AVAILABILITY = YES_AGGRESSIVE;
				CLANG_WARN_UNREACHABLE_CODE = YES;
				CLANG_WARN__DUPLICATE_METHOD_MATCH = YES;
				COPY_PHASE_STRIP = NO;
				DEBUG_INFORMATION_FORMAT = dwarf;
				ENABLE_STRICT_OBJC_MSGSEND = YES;
				ENABLE_TESTABILITY = YES;
				GCC_C_LANGUAGE_STANDARD = gnu11;
				GCC_DYNAMIC_NO_PIC = NO;
				GCC_NO_COMMON_BLOCKS = YES;
				GCC_OPTIMIZATION_LEVEL = 0;
				GCC_PREPROCESSOR_DEFINITIONS = (
					"DEBUG=1",
					"$(inherited)",
				);
				GCC_WARN_64_TO_32_BIT_CONVERSION = YES;
				GCC_WARN_ABOUT_RETURN_TYPE = YES_ERROR;
				GCC_WARN_UNDECLARED_SELECTOR = YES;
				GCC_WARN_UNINITIALIZED_AUTOS = YES_AGGRESSIVE;
				GCC_WARN_UNUSED_FUNCTION = YES;
				GCC_WARN_UNUSED_VARIABLE = YES;
				IPHONEOS_DEPLOYMENT_TARGET = 15.4;
				MTL_ENABLE_DEBUG_INFO = INCLUDE_SOURCE;
				MTL_FAST_MATH = YES;
				ONLY_ACTIVE_ARCH = YES;
				SDKROOT = iphoneos;
				SWIFT_ACTIVE_COMPILATION_CONDITIONS = DEBUG;
				SWIFT_OPTIMIZATION_LEVEL = "-Onone";
			};
			name = Debug;
		};
		7EC6D9CF287DFB6E00F5B90A /* Release */ = {
			isa = XCBuildConfiguration;
			buildSettings = {
				ALWAYS_SEARCH_USER_PATHS = NO;
				CLANG_ANALYZER_NONNULL = YES;
				CLANG_ANALYZER_NUMBER_OBJECT_CONVERSION = YES_AGGRESSIVE;
				CLANG_CXX_LANGUAGE_STANDARD = "gnu++17";
				CLANG_ENABLE_MODULES = YES;
				CLANG_ENABLE_OBJC_ARC = YES;
				CLANG_ENABLE_OBJC_WEAK = YES;
				CLANG_WARN_BLOCK_CAPTURE_AUTORELEASING = YES;
				CLANG_WARN_BOOL_CONVERSION = YES;
				CLANG_WARN_COMMA = YES;
				CLANG_WARN_CONSTANT_CONVERSION = YES;
				CLANG_WARN_DEPRECATED_OBJC_IMPLEMENTATIONS = YES;
				CLANG_WARN_DIRECT_OBJC_ISA_USAGE = YES_ERROR;
				CLANG_WARN_DOCUMENTATION_COMMENTS = YES;
				CLANG_WARN_EMPTY_BODY = YES;
				CLANG_WARN_ENUM_CONVERSION = YES;
				CLANG_WARN_INFINITE_RECURSION = YES;
				CLANG_WARN_INT_CONVERSION = YES;
				CLANG_WARN_NON_LITERAL_NULL_CONVERSION = YES;
				CLANG_WARN_OBJC_IMPLICIT_RETAIN_SELF = YES;
				CLANG_WARN_OBJC_LITERAL_CONVERSION = YES;
				CLANG_WARN_OBJC_ROOT_CLASS = YES_ERROR;
				CLANG_WARN_QUOTED_INCLUDE_IN_FRAMEWORK_HEADER = YES;
				CLANG_WARN_RANGE_LOOP_ANALYSIS = YES;
				CLANG_WARN_STRICT_PROTOTYPES = YES;
				CLANG_WARN_SUSPICIOUS_MOVE = YES;
				CLANG_WARN_UNGUARDED_AVAILABILITY = YES_AGGRESSIVE;
				CLANG_WARN_UNREACHABLE_CODE = YES;
				CLANG_WARN__DUPLICATE_METHOD_MATCH = YES;
				COPY_PHASE_STRIP = NO;
				DEBUG_INFORMATION_FORMAT = "dwarf-with-dsym";
				ENABLE_NS_ASSERTIONS = NO;
				ENABLE_STRICT_OBJC_MSGSEND = YES;
				GCC_C_LANGUAGE_STANDARD = gnu11;
				GCC_NO_COMMON_BLOCKS = YES;
				GCC_WARN_64_TO_32_BIT_CONVERSION = YES;
				GCC_WARN_ABOUT_RETURN_TYPE = YES_ERROR;
				GCC_WARN_UNDECLARED_SELECTOR = YES;
				GCC_WARN_UNINITIALIZED_AUTOS = YES_AGGRESSIVE;
				GCC_WARN_UNUSED_FUNCTION = YES;
				GCC_WARN_UNUSED_VARIABLE = YES;
				IPHONEOS_DEPLOYMENT_TARGET = 15.4;
				MTL_ENABLE_DEBUG_INFO = NO;
				MTL_FAST_MATH = YES;
				SDKROOT = iphoneos;
				SWIFT_COMPILATION_MODE = wholemodule;
				SWIFT_OPTIMIZATION_LEVEL = "-O";
				VALIDATE_PRODUCT = YES;
			};
			name = Release;
		};
		7EC6D9D1287DFB6E00F5B90A /* Debug */ = {
			isa = XCBuildConfiguration;
			baseConfigurationReference = 06045DC1C6A84CF6C7171425 /* Pods-chargerApp.debug.xcconfig */;
			buildSettings = {
				ASSETCATALOG_COMPILER_APPICON_NAME = AppIcon;
				ASSETCATALOG_COMPILER_GLOBAL_ACCENT_COLOR_NAME = AccentColor;
				CODE_SIGN_STYLE = Automatic;
				CURRENT_PROJECT_VERSION = 1;
				DEVELOPMENT_TEAM = P392AA39N9;
				GENERATE_INFOPLIST_FILE = YES;
				INFOPLIST_FILE = chargerApp/Info.plist;
				INFOPLIST_KEY_UIApplicationSupportsIndirectInputEvents = YES;
				INFOPLIST_KEY_UILaunchStoryboardName = LaunchScreen;
				INFOPLIST_KEY_UIMainStoryboardFile = Main;
				INFOPLIST_KEY_UISupportedInterfaceOrientations_iPad = "UIInterfaceOrientationPortrait UIInterfaceOrientationPortraitUpsideDown UIInterfaceOrientationLandscapeLeft UIInterfaceOrientationLandscapeRight";
				INFOPLIST_KEY_UISupportedInterfaceOrientations_iPhone = "UIInterfaceOrientationPortrait UIInterfaceOrientationLandscapeLeft UIInterfaceOrientationLandscapeRight";
				LD_RUNPATH_SEARCH_PATHS = (
					"$(inherited)",
					"@executable_path/Frameworks",
				);
				MARKETING_VERSION = 1.0;
				PRODUCT_BUNDLE_IDENTIFIER = com.seyhunkocak.chargerApp;
				PRODUCT_NAME = "$(TARGET_NAME)";
				SWIFT_EMIT_LOC_STRINGS = YES;
				SWIFT_VERSION = 5.0;
				TARGETED_DEVICE_FAMILY = "1,2";
			};
			name = Debug;
		};
		7EC6D9D2287DFB6E00F5B90A /* Release */ = {
			isa = XCBuildConfiguration;
			baseConfigurationReference = 2FC4D106EFEF07969D0A96C5 /* Pods-chargerApp.release.xcconfig */;
			buildSettings = {
				ASSETCATALOG_COMPILER_APPICON_NAME = AppIcon;
				ASSETCATALOG_COMPILER_GLOBAL_ACCENT_COLOR_NAME = AccentColor;
				CODE_SIGN_STYLE = Automatic;
				CURRENT_PROJECT_VERSION = 1;
				DEVELOPMENT_TEAM = P392AA39N9;
				GENERATE_INFOPLIST_FILE = YES;
				INFOPLIST_FILE = chargerApp/Info.plist;
				INFOPLIST_KEY_UIApplicationSupportsIndirectInputEvents = YES;
				INFOPLIST_KEY_UILaunchStoryboardName = LaunchScreen;
				INFOPLIST_KEY_UIMainStoryboardFile = Main;
				INFOPLIST_KEY_UISupportedInterfaceOrientations_iPad = "UIInterfaceOrientationPortrait UIInterfaceOrientationPortraitUpsideDown UIInterfaceOrientationLandscapeLeft UIInterfaceOrientationLandscapeRight";
				INFOPLIST_KEY_UISupportedInterfaceOrientations_iPhone = "UIInterfaceOrientationPortrait UIInterfaceOrientationLandscapeLeft UIInterfaceOrientationLandscapeRight";
				LD_RUNPATH_SEARCH_PATHS = (
					"$(inherited)",
					"@executable_path/Frameworks",
				);
				MARKETING_VERSION = 1.0;
				PRODUCT_BUNDLE_IDENTIFIER = com.seyhunkocak.chargerApp;
				PRODUCT_NAME = "$(TARGET_NAME)";
				SWIFT_EMIT_LOC_STRINGS = YES;
				SWIFT_VERSION = 5.0;
				TARGETED_DEVICE_FAMILY = "1,2";
			};
			name = Release;
		};
		7EC6D9D4287DFB6E00F5B90A /* Debug */ = {
			isa = XCBuildConfiguration;
			baseConfigurationReference = 0805163D12B91024D235D337 /* Pods-chargerAppTests.debug.xcconfig */;
			buildSettings = {
				ALWAYS_EMBED_SWIFT_STANDARD_LIBRARIES = YES;
				BUNDLE_LOADER = "$(TEST_HOST)";
				CODE_SIGN_STYLE = Automatic;
				CURRENT_PROJECT_VERSION = 1;
				DEVELOPMENT_TEAM = P392AA39N9;
				GENERATE_INFOPLIST_FILE = YES;
				IPHONEOS_DEPLOYMENT_TARGET = 15.4;
				MARKETING_VERSION = 1.0;
				PRODUCT_BUNDLE_IDENTIFIER = com.seyhunkocak.chargerAppTests;
				PRODUCT_NAME = "$(TARGET_NAME)";
				SWIFT_EMIT_LOC_STRINGS = NO;
				SWIFT_VERSION = 5.0;
				TARGETED_DEVICE_FAMILY = "1,2";
				TEST_HOST = "$(BUILT_PRODUCTS_DIR)/chargerApp.app/chargerApp";
			};
			name = Debug;
		};
		7EC6D9D5287DFB6E00F5B90A /* Release */ = {
			isa = XCBuildConfiguration;
			baseConfigurationReference = 44E1A8228C297421ED98AF34 /* Pods-chargerAppTests.release.xcconfig */;
			buildSettings = {
				ALWAYS_EMBED_SWIFT_STANDARD_LIBRARIES = YES;
				BUNDLE_LOADER = "$(TEST_HOST)";
				CODE_SIGN_STYLE = Automatic;
				CURRENT_PROJECT_VERSION = 1;
				DEVELOPMENT_TEAM = P392AA39N9;
				GENERATE_INFOPLIST_FILE = YES;
				IPHONEOS_DEPLOYMENT_TARGET = 15.4;
				MARKETING_VERSION = 1.0;
				PRODUCT_BUNDLE_IDENTIFIER = com.seyhunkocak.chargerAppTests;
				PRODUCT_NAME = "$(TARGET_NAME)";
				SWIFT_EMIT_LOC_STRINGS = NO;
				SWIFT_VERSION = 5.0;
				TARGETED_DEVICE_FAMILY = "1,2";
				TEST_HOST = "$(BUILT_PRODUCTS_DIR)/chargerApp.app/chargerApp";
			};
			name = Release;
		};
		7EC6D9D7287DFB6E00F5B90A /* Debug */ = {
			isa = XCBuildConfiguration;
			baseConfigurationReference = EBD62C939CC9E350975E9433 /* Pods-chargerApp-chargerAppUITests.debug.xcconfig */;
			buildSettings = {
				ALWAYS_EMBED_SWIFT_STANDARD_LIBRARIES = YES;
				CODE_SIGN_STYLE = Automatic;
				CURRENT_PROJECT_VERSION = 1;
				DEVELOPMENT_TEAM = P392AA39N9;
				GENERATE_INFOPLIST_FILE = YES;
				MARKETING_VERSION = 1.0;
				PRODUCT_BUNDLE_IDENTIFIER = com.seyhunkocak.chargerAppUITests;
				PRODUCT_NAME = "$(TARGET_NAME)";
				SWIFT_EMIT_LOC_STRINGS = NO;
				SWIFT_VERSION = 5.0;
				TARGETED_DEVICE_FAMILY = "1,2";
				TEST_TARGET_NAME = chargerApp;
			};
			name = Debug;
		};
		7EC6D9D8287DFB6E00F5B90A /* Release */ = {
			isa = XCBuildConfiguration;
			baseConfigurationReference = 899C81A6C6A646456903D535 /* Pods-chargerApp-chargerAppUITests.release.xcconfig */;
			buildSettings = {
				ALWAYS_EMBED_SWIFT_STANDARD_LIBRARIES = YES;
				CODE_SIGN_STYLE = Automatic;
				CURRENT_PROJECT_VERSION = 1;
				DEVELOPMENT_TEAM = P392AA39N9;
				GENERATE_INFOPLIST_FILE = YES;
				MARKETING_VERSION = 1.0;
				PRODUCT_BUNDLE_IDENTIFIER = com.seyhunkocak.chargerAppUITests;
				PRODUCT_NAME = "$(TARGET_NAME)";
				SWIFT_EMIT_LOC_STRINGS = NO;
				SWIFT_VERSION = 5.0;
				TARGETED_DEVICE_FAMILY = "1,2";
				TEST_TARGET_NAME = chargerApp;
			};
			name = Release;
		};
/* End XCBuildConfiguration section */

/* Begin XCConfigurationList section */
		7EC6D99E287DFB6C00F5B90A /* Build configuration list for PBXProject "chargerApp" */ = {
			isa = XCConfigurationList;
			buildConfigurations = (
				7EC6D9CE287DFB6E00F5B90A /* Debug */,
				7EC6D9CF287DFB6E00F5B90A /* Release */,
			);
			defaultConfigurationIsVisible = 0;
			defaultConfigurationName = Release;
		};
		7EC6D9D0287DFB6E00F5B90A /* Build configuration list for PBXNativeTarget "chargerApp" */ = {
			isa = XCConfigurationList;
			buildConfigurations = (
				7EC6D9D1287DFB6E00F5B90A /* Debug */,
				7EC6D9D2287DFB6E00F5B90A /* Release */,
			);
			defaultConfigurationIsVisible = 0;
			defaultConfigurationName = Release;
		};
		7EC6D9D3287DFB6E00F5B90A /* Build configuration list for PBXNativeTarget "chargerAppTests" */ = {
			isa = XCConfigurationList;
			buildConfigurations = (
				7EC6D9D4287DFB6E00F5B90A /* Debug */,
				7EC6D9D5287DFB6E00F5B90A /* Release */,
			);
			defaultConfigurationIsVisible = 0;
			defaultConfigurationName = Release;
		};
		7EC6D9D6287DFB6E00F5B90A /* Build configuration list for PBXNativeTarget "chargerAppUITests" */ = {
			isa = XCConfigurationList;
			buildConfigurations = (
				7EC6D9D7287DFB6E00F5B90A /* Debug */,
				7EC6D9D8287DFB6E00F5B90A /* Release */,
			);
			defaultConfigurationIsVisible = 0;
			defaultConfigurationName = Release;
		};
/* End XCConfigurationList section */

/* Begin XCVersionGroup section */
		7EC6D9AF287DFB6C00F5B90A /* chargerApp.xcdatamodeld */ = {
			isa = XCVersionGroup;
			children = (
				7EC6D9B0287DFB6C00F5B90A /* chargerApp.xcdatamodel */,
			);
			currentVersion = 7EC6D9B0287DFB6C00F5B90A /* chargerApp.xcdatamodel */;
			path = chargerApp.xcdatamodeld;
			sourceTree = "<group>";
			versionGroupType = wrapper.xcdatamodel;
		};
/* End XCVersionGroup section */
	};
	rootObject = 7EC6D99B287DFB6C00F5B90A /* Project object */;
}
